{
  "name": "manual-proj",
  "version": "1.0.0",
  "lockfileVersion": 1,
  "requires": true,
  "dependencies": {
    "@babel/standalone": {
      "version": "7.15.3",
      "resolved": "https://registry.npmjs.org/@babel/standalone/-/standalone-7.15.3.tgz",
      "integrity": "sha512-Bst2YWEyQ2ROyO0+jxPVnnkSmUh44/x54+LSbe5M4N5LGfOkxpajEUKVE4ndXtIVrLlHCyuiqCPwv3eC1ItnCg==",
      "dev": true
    },
    "babel-plugin-module-resolver-standalone": {
      "version": "0.0.2",
      "resolved": "https://registry.npmjs.org/babel-plugin-module-resolver-standalone/-/babel-plugin-module-resolver-standalone-0.0.2.tgz",
      "integrity": "sha512-fYlFG2FSqP/VvvTY9orKLqstewiLSwv3/KYxXxAlMVp6HBq1eBG0UF+6F96DK7Flcl0JtKm/ezrjNUqolHHzEw==",
      "dev": true
    },
    "requirejs-babel": {
      "version": "0.0.9",
      "resolved": "https://registry.npmjs.org/requirejs-babel/-/requirejs-babel-0.0.9.tgz",
      "integrity": "sha1-jtNyjwHSMB/7x3Ce7UA+X0fDYnw=",
      "dev": true
    }
  }
}
